
Microsoft Visual Studio Solution File, Format Version 12.00
# Visual Studio Version 17
VisualStudioVersion = 17.8.34330.188
MinimumVisualStudioVersion = 10.0.40219.1
Project("{8BC9CEB8-8B4A-11D0-8D11-00A0C91BC942}") = "cv01_first", "cv01_first\cv01_first.vcxproj", "{08F0B647-F7A6-48A1-BAE8-B2B97AC7EC00}"
EndProject
Project("{8BC9CEB8-8B4A-11D0-8D11-00A0C91BC942}") = "cv02_point2", "cv02_point2\cv02_point2.vcxproj", "{EBA8A8EC-6E45-4CFD-ADB8-DDB32C7B98CE}"
EndProject
Project("{8BC9CEB8-8B4A-11D0-8D11-00A0C91BC942}") = "cv03_point3", "cv03_point3\cv03_point3.vcxproj", "{4BE3B88D-B1CA-4F5F-A673-35D25316A451}"
EndProject
Project("{8BC9CEB8-8B4A-11D0-8D11-00A0C91BC942}") = "cv04_size", "cv04_size\cv04_size.vcxproj", "{DF56FFD7-DDC8-4FC2-83F5-86D672F0619E}"
EndProject
Global
	GlobalSection(SolutionConfigurationPlatforms) = preSolution
		Debug|x64 = Debug|x64
		Debug|x86 = Debug|x86
		Release|x64 = Release|x64
		Release|x86 = Release|x86
	EndGlobalSection
	GlobalSection(ProjectConfigurationPlatforms) = postSolution
		{08F0B647-F7A6-48A1-BAE8-B2B97AC7EC00}.Debug|x64.ActiveCfg = Debug|x64
		{08F0B647-F7A6-48A1-BAE8-B2B97AC7EC00}.Debug|x64.Build.0 = Debug|x64
		{08F0B647-F7A6-48A1-BAE8-B2B97AC7EC00}.Debug|x86.ActiveCfg = Debug|Win32
		{08F0B647-F7A6-48A1-BAE8-B2B97AC7EC00}.Debug|x86.Build.0 = Debug|Win32
		{08F0B647-F7A6-48A1-BAE8-B2B97AC7EC00}.Release|x64.ActiveCfg = Release|x64
		{08F0B647-F7A6-48A1-BAE8-B2B97AC7EC00}.Release|x64.Build.0 = Release|x64
		{08F0B647-F7A6-48A1-BAE8-B2B97AC7EC00}.Release|x86.ActiveCfg = Release|Win32
		{08F0B647-F7A6-48A1-BAE8-B2B97AC7EC00}.Release|x86.Build.0 = Release|Win32
		{EBA8A8EC-6E45-4CFD-ADB8-DDB32C7B98CE}.Debug|x64.ActiveCfg = Debug|x64
		{EBA8A8EC-6E45-4CFD-ADB8-DDB32C7B98CE}.Debug|x64.Build.0 = Debug|x64
		{EBA8A8EC-6E45-4CFD-ADB8-DDB32C7B98CE}.Debug|x86.ActiveCfg = Debug|Win32
		{EBA8A8EC-6E45-4CFD-ADB8-DDB32C7B98CE}.Debug|x86.Build.0 = Debug|Win32
		{EBA8A8EC-6E45-4CFD-ADB8-DDB32C7B98CE}.Release|x64.ActiveCfg = Release|x64
		{EBA8A8EC-6E45-4CFD-ADB8-DDB32C7B98CE}.Release|x64.Build.0 = Release|x64
		{EBA8A8EC-6E45-4CFD-ADB8-DDB32C7B98CE}.Release|x86.ActiveCfg = Release|Win32
		{EBA8A8EC-6E45-4CFD-ADB8-DDB32C7B98CE}.Release|x86.Build.0 = Release|Win32
		{4BE3B88D-B1CA-4F5F-A673-35D25316A451}.Debug|x64.ActiveCfg = Debug|x64
		{4BE3B88D-B1CA-4F5F-A673-35D25316A451}.Debug|x64.Build.0 = Debug|x64
		{4BE3B88D-B1CA-4F5F-A673-35D25316A451}.Debug|x86.ActiveCfg = Debug|Win32
		{4BE3B88D-B1CA-4F5F-A673-35D25316A451}.Debug|x86.Build.0 = Debug|Win32
		{4BE3B88D-B1CA-4F5F-A673-35D25316A451}.Release|x64.ActiveCfg = Release|x64
		{4BE3B88D-B1CA-4F5F-A673-35D25316A451}.Release|x64.Build.0 = Release|x64
		{4BE3B88D-B1CA-4F5F-A673-35D25316A451}.Release|x86.ActiveCfg = Release|Win32
		{4BE3B88D-B1CA-4F5F-A673-35D25316A451}.Release|x86.Build.0 = Release|Win32
		{DF56FFD7-DDC8-4FC2-83F5-86D672F0619E}.Debug|x64.ActiveCfg = Debug|x64
		{DF56FFD7-DDC8-4FC2-83F5-86D672F0619E}.Debug|x64.Build.0 = Debug|x64
		{DF56FFD7-DDC8-4FC2-83F5-86D672F0619E}.Debug|x86.ActiveCfg = Debug|Win32
		{DF56FFD7-DDC8-4FC2-83F5-86D672F0619E}.Debug|x86.Build.0 = Debug|Win32
		{DF56FFD7-DDC8-4FC2-83F5-86D672F0619E}.Release|x64.ActiveCfg = Release|x64
		{DF56FFD7-DDC8-4FC2-83F5-86D672F0619E}.Release|x64.Build.0 = Release|x64
		{DF56FFD7-DDC8-4FC2-83F5-86D672F0619E}.Release|x86.ActiveCfg = Release|Win32
		{DF56FFD7-DDC8-4FC2-83F5-86D672F0619E}.Release|x86.Build.0 = Release|Win32
	EndGlobalSection
	GlobalSection(SolutionProperties) = preSolution
		HideSolutionNode = FALSE
	EndGlobalSection
	GlobalSection(ExtensibilityGlobals) = postSolution
		SolutionGuid = {022FD8CE-A383-46A7-AF5D-9719D919FA2E}
	EndGlobalSection
EndGlobal
