
Microsoft Visual Studio Solution File, Format Version 12.00
# Visual Studio Version 17
VisualStudioVersion = 17.8.34330.188
MinimumVisualStudioVersion = 10.0.40219.1
Project("{FAE04EC0-301F-11D3-BF4B-00C04F79EFBC}") = "cv01_helloCV", "cv01_helloCV\cv01_helloCV.csproj", "{FDEFC472-492E-4A10-B1C9-F8DD79EF8146}"
EndProject
Global
	GlobalSection(SolutionConfigurationPlatforms) = preSolution
		Debug|Any CPU = Debug|Any CPU
		Release|Any CPU = Release|Any CPU
	EndGlobalSection
	GlobalSection(ProjectConfigurationPlatforms) = postSolution
		{FDEFC472-492E-4A10-B1C9-F8DD79EF8146}.Debug|Any CPU.ActiveCfg = Debug|Any CPU
		{FDEFC472-492E-4A10-B1C9-F8DD79EF8146}.Debug|Any CPU.Build.0 = Debug|Any CPU
		{FDEFC472-492E-4A10-B1C9-F8DD79EF8146}.Release|Any CPU.ActiveCfg = Release|Any CPU
		{FDEFC472-492E-4A10-B1C9-F8DD79EF8146}.Release|Any CPU.Build.0 = Release|Any CPU
	EndGlobalSection
	GlobalSection(SolutionProperties) = preSolution
		HideSolutionNode = FALSE
	EndGlobalSection
	GlobalSection(ExtensibilityGlobals) = postSolution
		SolutionGuid = {BF983C12-2B70-4AF3-8728-93DD5A3678CE}
	EndGlobalSection
EndGlobal
