
Microsoft Visual Studio Solution File, Format Version 12.00
# Visual Studio Version 17
VisualStudioVersion = 17.9.34723.18
MinimumVisualStudioVersion = 10.0.40219.1
Project("{FAE04EC0-301F-11D3-BF4B-00C04F79EFBC}") = "cv28_PyramidUp", "cv28_PyramidUp\cv28_PyramidUp.csproj", "{06C6EC1D-7C4F-435A-9372-34C5D10BB704}"
EndProject
Global
	GlobalSection(SolutionConfigurationPlatforms) = preSolution
		Debug|Any CPU = Debug|Any CPU
		Release|Any CPU = Release|Any CPU
	EndGlobalSection
	GlobalSection(ProjectConfigurationPlatforms) = postSolution
		{06C6EC1D-7C4F-435A-9372-34C5D10BB704}.Debug|Any CPU.ActiveCfg = Debug|Any CPU
		{06C6EC1D-7C4F-435A-9372-34C5D10BB704}.Debug|Any CPU.Build.0 = Debug|Any CPU
		{06C6EC1D-7C4F-435A-9372-34C5D10BB704}.Release|Any CPU.ActiveCfg = Release|Any CPU
		{06C6EC1D-7C4F-435A-9372-34C5D10BB704}.Release|Any CPU.Build.0 = Release|Any CPU
	EndGlobalSection
	GlobalSection(SolutionProperties) = preSolution
		HideSolutionNode = FALSE
	EndGlobalSection
	GlobalSection(ExtensibilityGlobals) = postSolution
		SolutionGuid = {1B627382-70B2-41DF-B0C5-F09F065F9D3A}
	EndGlobalSection
EndGlobal
